
Microsoft Visual Studio Solution File, Format Version 12.00
# Visual Studio 2013
VisualStudioVersion = 12.0.21005.1
MinimumVisualStudioVersion = 10.0.40219.1
Project("{FAE04EC0-301F-11D3-BF4B-00C04F79EFBC}") = "QuanLyKhachSan", "QuanLyKhachSan\QuanLyKhachSan.csproj", "{5909069B-4877-4E56-9782-90683DFD6CF5}"
EndProject
Project("{54435603-DBB4-11D2-8724-00A0C9A8B90C}") = "Setup", "Setup\Setup.vdproj", "{AC7CDBFB-D1DE-4F4B-B3F3-3F0776097300}"
EndProject
Global
	GlobalSection(SolutionConfigurationPlatforms) = preSolution
		Debug|Any CPU = Debug|Any CPU
		Release|Any CPU = Release|Any CPU
	EndGlobalSection
	GlobalSection(ProjectConfigurationPlatforms) = postSolution
		{5909069B-4877-4E56-9782-90683DFD6CF5}.Debug|Any CPU.ActiveCfg = Debug|Any CPU
		{5909069B-4877-4E56-9782-90683DFD6CF5}.Debug|Any CPU.Build.0 = Debug|Any CPU
		{5909069B-4877-4E56-9782-90683DFD6CF5}.Release|Any CPU.ActiveCfg = Release|Any CPU
		{5909069B-4877-4E56-9782-90683DFD6CF5}.Release|Any CPU.Build.0 = Release|Any CPU
		{AC7CDBFB-D1DE-4F4B-B3F3-3F0776097300}.Debug|Any CPU.ActiveCfg = Debug
		{AC7CDBFB-D1DE-4F4B-B3F3-3F0776097300}.Release|Any CPU.ActiveCfg = Release
	EndGlobalSection
	GlobalSection(SolutionProperties) = preSolution
		HideSolutionNode = FALSE
	EndGlobalSection
EndGlobal
